
Microsoft Visual Studio Solution File, Format Version 12.00
# Visual Studio Version 16
VisualStudioVersion = 16.0.28922.388
MinimumVisualStudioVersion = 10.0.40219.1
Project("{F184B08F-C81C-45F6-A57F-5ABD9991F28F}") = "CalculadoraDef", "CalculadoraDef\CalculadoraDef.vbproj", "{9D0205FF-E91E-44E4-91D8-87493432E79E}"
EndProject
Global
	GlobalSection(SolutionConfigurationPlatforms) = preSolution
		Debug|Any CPU = Debug|Any CPU
		Release|Any CPU = Release|Any CPU
	EndGlobalSection
	GlobalSection(ProjectConfigurationPlatforms) = postSolution
		{9D0205FF-E91E-44E4-91D8-87493432E79E}.Debug|Any CPU.ActiveCfg = Debug|Any CPU
		{9D0205FF-E91E-44E4-91D8-87493432E79E}.Debug|Any CPU.Build.0 = Debug|Any CPU
		{9D0205FF-E91E-44E4-91D8-87493432E79E}.Release|Any CPU.ActiveCfg = Release|Any CPU
		{9D0205FF-E91E-44E4-91D8-87493432E79E}.Release|Any CPU.Build.0 = Release|Any CPU
	EndGlobalSection
	GlobalSection(SolutionProperties) = preSolution
		HideSolutionNode = FALSE
	EndGlobalSection
	GlobalSection(ExtensibilityGlobals) = postSolution
		SolutionGuid = {A0404AAB-3398-4585-A48D-9563D6148EDB}
	EndGlobalSection
EndGlobal
